
Microsoft Visual Studio Solution File, Format Version 12.00
# Visual Studio Version 17
VisualStudioVersion = 17.0.31903.59
MinimumVisualStudioVersion = 10.0.40219.1
Project("{2150E333-8FDC-42A3-9474-1A3956D46DE8}") = "src", "src", "{827E0CD3-B72D-47B6-A68D-7590B98EB39B}"
EndProject
Project("{FAE04EC0-301F-11D3-BF4B-00C04F79EFBC}") = "Xas.Core", "src\Xas.Core\Xas.Core.csproj", "{AD21E370-E5C8-44E2-B7E3-1097396C586F}"
EndProject
Project("{FAE04EC0-301F-11D3-BF4B-00C04F79EFBC}") = "Xas.Daemon", "src\Xas.Daemon\Xas.Daemon.csproj", "{41258267-88BF-4CA6-A2DC-8B835EC38E2B}"
EndProject
Project("{FAE04EC0-301F-11D3-BF4B-00C04F79EFBC}") = "Xas.Cli", "src\Xas.Cli\Xas.Cli.csproj", "{A57C08C4-F67C-4BC9-B0AA-21E1E7E7A166}"
EndProject
Project("{2150E333-8FDC-42A3-9474-1A3956D46DE8}") = "tests", "tests", "{0AB3BF05-4346-4AA6-1389-037BE0695223}"
EndProject
Project("{FAE04EC0-301F-11D3-BF4B-00C04F79EFBC}") = "Xas.Tests", "tests\Xas.Tests\Xas.Tests.csproj", "{EC2880A9-0462-41A6-A403-D64DA2A56908}"
EndProject
Global
	GlobalSection(SolutionConfigurationPlatforms) = preSolution
		Debug|Any CPU = Debug|Any CPU
		Debug|x64 = Debug|x64
		Debug|x86 = Debug|x86
		Release|Any CPU = Release|Any CPU
		Release|x64 = Release|x64
		Release|x86 = Release|x86
	EndGlobalSection
	GlobalSection(ProjectConfigurationPlatforms) = postSolution
		{AD21E370-E5C8-44E2-B7E3-1097396C586F}.Debug|Any CPU.ActiveCfg = Debug|Any CPU
		{AD21E370-E5C8-44E2-B7E3-1097396C586F}.Debug|Any CPU.Build.0 = Debug|Any CPU
		{AD21E370-E5C8-44E2-B7E3-1097396C586F}.Debug|x64.ActiveCfg = Debug|Any CPU
		{AD21E370-E5C8-44E2-B7E3-1097396C586F}.Debug|x64.Build.0 = Debug|Any CPU
		{AD21E370-E5C8-44E2-B7E3-1097396C586F}.Debug|x86.ActiveCfg = Debug|Any CPU
		{AD21E370-E5C8-44E2-B7E3-1097396C586F}.Debug|x86.Build.0 = Debug|Any CPU
		{AD21E370-E5C8-44E2-B7E3-1097396C586F}.Release|Any CPU.ActiveCfg = Release|Any CPU
		{AD21E370-E5C8-44E2-B7E3-1097396C586F}.Release|Any CPU.Build.0 = Release|Any CPU
		{AD21E370-E5C8-44E2-B7E3-1097396C586F}.Release|x64.ActiveCfg = Release|Any CPU
		{AD21E370-E5C8-44E2-B7E3-1097396C586F}.Release|x64.Build.0 = Release|Any CPU
		{AD21E370-E5C8-44E2-B7E3-1097396C586F}.Release|x86.ActiveCfg = Release|Any CPU
		{AD21E370-E5C8-44E2-B7E3-1097396C586F}.Release|x86.Build.0 = Release|Any CPU
		{41258267-88BF-4CA6-A2DC-8B835EC38E2B}.Debug|Any CPU.ActiveCfg = Debug|Any CPU
		{41258267-88BF-4CA6-A2DC-8B835EC38E2B}.Debug|Any CPU.Build.0 = Debug|Any CPU
		{41258267-88BF-4CA6-A2DC-8B835EC38E2B}.Debug|x64.ActiveCfg = Debug|Any CPU
		{41258267-88BF-4CA6-A2DC-8B835EC38E2B}.Debug|x64.Build.0 = Debug|Any CPU
		{41258267-88BF-4CA6-A2DC-8B835EC38E2B}.Debug|x86.ActiveCfg = Debug|Any CPU
		{41258267-88BF-4CA6-A2DC-8B835EC38E2B}.Debug|x86.Build.0 = Debug|Any CPU
		{41258267-88BF-4CA6-A2DC-8B835EC38E2B}.Release|Any CPU.ActiveCfg = Release|Any CPU
		{41258267-88BF-4CA6-A2DC-8B835EC38E2B}.Release|Any CPU.Build.0 = Release|Any CPU
		{41258267-88BF-4CA6-A2DC-8B835EC38E2B}.Release|x64.ActiveCfg = Release|Any CPU
		{41258267-88BF-4CA6-A2DC-8B835EC38E2B}.Release|x64.Build.0 = Release|Any CPU
		{41258267-88BF-4CA6-A2DC-8B835EC38E2B}.Release|x86.ActiveCfg = Release|Any CPU
		{41258267-88BF-4CA6-A2DC-8B835EC38E2B}.Release|x86.Build.0 = Release|Any CPU
		{A57C08C4-F67C-4BC9-B0AA-21E1E7E7A166}.Debug|Any CPU.ActiveCfg = Debug|Any CPU
		{A57C08C4-F67C-4BC9-B0AA-21E1E7E7A166}.Debug|Any CPU.Build.0 = Debug|Any CPU
		{A57C08C4-F67C-4BC9-B0AA-21E1E7E7A166}.Debug|x64.ActiveCfg = Debug|Any CPU
		{A57C08C4-F67C-4BC9-B0AA-21E1E7E7A166}.Debug|x64.Build.0 = Debug|Any CPU
		{A57C08C4-F67C-4BC9-B0AA-21E1E7E7A166}.Debug|x86.ActiveCfg = Debug|Any CPU
		{A57C08C4-F67C-4BC9-B0AA-21E1E7E7A166}.Debug|x86.Build.0 = Debug|Any CPU
		{A57C08C4-F67C-4BC9-B0AA-21E1E7E7A166}.Release|Any CPU.ActiveCfg = Release|Any CPU
		{A57C08C4-F67C-4BC9-B0AA-21E1E7E7A166}.Release|Any CPU.Build.0 = Release|Any CPU
		{A57C08C4-F67C-4BC9-B0AA-21E1E7E7A166}.Release|x64.ActiveCfg = Release|Any CPU
		{A57C08C4-F67C-4BC9-B0AA-21E1E7E7A166}.Release|x64.Build.0 = Release|Any CPU
		{A57C08C4-F67C-4BC9-B0AA-21E1E7E7A166}.Release|x86.ActiveCfg = Release|Any CPU
		{A57C08C4-F67C-4BC9-B0AA-21E1E7E7A166}.Release|x86.Build.0 = Release|Any CPU
		{EC2880A9-0462-41A6-A403-D64DA2A56908}.Debug|Any CPU.ActiveCfg = Debug|Any CPU
		{EC2880A9-0462-41A6-A403-D64DA2A56908}.Debug|Any CPU.Build.0 = Debug|Any CPU
		{EC2880A9-0462-41A6-A403-D64DA2A56908}.Debug|x64.ActiveCfg = Debug|Any CPU
		{EC2880A9-0462-41A6-A403-D64DA2A56908}.Debug|x64.Build.0 = Debug|Any CPU
		{EC2880A9-0462-41A6-A403-D64DA2A56908}.Debug|x86.ActiveCfg = Debug|Any CPU
		{EC2880A9-0462-41A6-A403-D64DA2A56908}.Debug|x86.Build.0 = Debug|Any CPU
		{EC2880A9-0462-41A6-A403-D64DA2A56908}.Release|Any CPU.ActiveCfg = Release|Any CPU
		{EC2880A9-0462-41A6-A403-D64DA2A56908}.Release|Any CPU.Build.0 = Release|Any CPU
		{EC2880A9-0462-41A6-A403-D64DA2A56908}.Release|x64.ActiveCfg = Release|Any CPU
		{EC2880A9-0462-41A6-A403-D64DA2A56908}.Release|x64.Build.0 = Release|Any CPU
		{EC2880A9-0462-41A6-A403-D64DA2A56908}.Release|x86.ActiveCfg = Release|Any CPU
		{EC2880A9-0462-41A6-A403-D64DA2A56908}.Release|x86.Build.0 = Release|Any CPU
	EndGlobalSection
	GlobalSection(SolutionProperties) = preSolution
		HideSolutionNode = FALSE
	EndGlobalSection
	GlobalSection(NestedProjects) = preSolution
		{AD21E370-E5C8-44E2-B7E3-1097396C586F} = {827E0CD3-B72D-47B6-A68D-7590B98EB39B}
		{41258267-88BF-4CA6-A2DC-8B835EC38E2B} = {827E0CD3-B72D-47B6-A68D-7590B98EB39B}
		{A57C08C4-F67C-4BC9-B0AA-21E1E7E7A166} = {827E0CD3-B72D-47B6-A68D-7590B98EB39B}
		{EC2880A9-0462-41A6-A403-D64DA2A56908} = {0AB3BF05-4346-4AA6-1389-037BE0695223}
	EndGlobalSection
EndGlobal
